
Microsoft Visual Studio Solution File, Format Version 12.00
# Visual Studio Version 17
VisualStudioVersion = 17.10.35013.160
MinimumVisualStudioVersion = 10.0.40219.1
Project("{9A19103F-16F7-4668-BE54-9A1E7A4F7556}") = "Lesson3", "Lesson3\Lesson3.csproj", "{76A226C6-044B-48DE-B067-E27DFE2E000F}"
EndProject
Project("{9A19103F-16F7-4668-BE54-9A1E7A4F7556}") = "hometask5", "..\hometask5\hometask5\hometask5.csproj", "{029465E8-8451-4A83-8CBE-B4E1AD58EC92}"
EndProject
Global
	GlobalSection(SolutionConfigurationPlatforms) = preSolution
		Debug|Any CPU = Debug|Any CPU
		Release|Any CPU = Release|Any CPU
	EndGlobalSection
	GlobalSection(ProjectConfigurationPlatforms) = postSolution
		{76A226C6-044B-48DE-B067-E27DFE2E000F}.Debug|Any CPU.ActiveCfg = Debug|Any CPU
		{76A226C6-044B-48DE-B067-E27DFE2E000F}.Debug|Any CPU.Build.0 = Debug|Any CPU
		{76A226C6-044B-48DE-B067-E27DFE2E000F}.Release|Any CPU.ActiveCfg = Release|Any CPU
		{76A226C6-044B-48DE-B067-E27DFE2E000F}.Release|Any CPU.Build.0 = Release|Any CPU
		{029465E8-8451-4A83-8CBE-B4E1AD58EC92}.Debug|Any CPU.ActiveCfg = Debug|Any CPU
		{029465E8-8451-4A83-8CBE-B4E1AD58EC92}.Debug|Any CPU.Build.0 = Debug|Any CPU
		{029465E8-8451-4A83-8CBE-B4E1AD58EC92}.Release|Any CPU.ActiveCfg = Release|Any CPU
		{029465E8-8451-4A83-8CBE-B4E1AD58EC92}.Release|Any CPU.Build.0 = Release|Any CPU
	EndGlobalSection
	GlobalSection(SolutionProperties) = preSolution
		HideSolutionNode = FALSE
	EndGlobalSection
	GlobalSection(ExtensibilityGlobals) = postSolution
		SolutionGuid = {DF46B70E-7304-43DA-A6DB-B45AE80CDA6E}
	EndGlobalSection
EndGlobal
