
Microsoft Visual Studio Solution File, Format Version 12.00
# Visual Studio Version 17
VisualStudioVersion = 17.10.35013.160
MinimumVisualStudioVersion = 10.0.40219.1
Project("{FAE04EC0-301F-11D3-BF4B-00C04F79EFBC}") = "hometask13", "hometask13\hometask13.csproj", "{A8BD5763-2DAB-49F1-AB9F-A42E1E34047C}"
EndProject
Global
	GlobalSection(SolutionConfigurationPlatforms) = preSolution
		Debug|Any CPU = Debug|Any CPU
		Release|Any CPU = Release|Any CPU
	EndGlobalSection
	GlobalSection(ProjectConfigurationPlatforms) = postSolution
		{A8BD5763-2DAB-49F1-AB9F-A42E1E34047C}.Debug|Any CPU.ActiveCfg = Debug|Any CPU
		{A8BD5763-2DAB-49F1-AB9F-A42E1E34047C}.Debug|Any CPU.Build.0 = Debug|Any CPU
		{A8BD5763-2DAB-49F1-AB9F-A42E1E34047C}.Release|Any CPU.ActiveCfg = Release|Any CPU
		{A8BD5763-2DAB-49F1-AB9F-A42E1E34047C}.Release|Any CPU.Build.0 = Release|Any CPU
	EndGlobalSection
	GlobalSection(SolutionProperties) = preSolution
		HideSolutionNode = FALSE
	EndGlobalSection
	GlobalSection(ExtensibilityGlobals) = postSolution
		SolutionGuid = {2DE9819C-CC96-494B-B1E4-26DA4E6A5D39}
	EndGlobalSection
EndGlobal
