
Microsoft Visual Studio Solution File, Format Version 12.00
# Visual Studio Version 17
VisualStudioVersion = 17.10.35013.160
MinimumVisualStudioVersion = 10.0.40219.1
Project("{FAE04EC0-301F-11D3-BF4B-00C04F79EFBC}") = "hometask6", "hometask6\hometask6.csproj", "{7818C4F9-7044-4AFB-9D2A-218AC9C8504C}"
EndProject
Global
	GlobalSection(SolutionConfigurationPlatforms) = preSolution
		Debug|Any CPU = Debug|Any CPU
		Release|Any CPU = Release|Any CPU
	EndGlobalSection
	GlobalSection(ProjectConfigurationPlatforms) = postSolution
		{7818C4F9-7044-4AFB-9D2A-218AC9C8504C}.Debug|Any CPU.ActiveCfg = Debug|Any CPU
		{7818C4F9-7044-4AFB-9D2A-218AC9C8504C}.Debug|Any CPU.Build.0 = Debug|Any CPU
		{7818C4F9-7044-4AFB-9D2A-218AC9C8504C}.Release|Any CPU.ActiveCfg = Release|Any CPU
		{7818C4F9-7044-4AFB-9D2A-218AC9C8504C}.Release|Any CPU.Build.0 = Release|Any CPU
	EndGlobalSection
	GlobalSection(SolutionProperties) = preSolution
		HideSolutionNode = FALSE
	EndGlobalSection
	GlobalSection(ExtensibilityGlobals) = postSolution
		SolutionGuid = {C3E34342-36BC-4749-A131-C1BA2C14E96A}
	EndGlobalSection
EndGlobal
